{
  "lockfile_version": "1",
  "packages": {
    "deno@2.3.3": {
      "last_modified": "2025-05-29T08:12:58Z",
      "resolved": "github:NixOS/nixpkgs/3866ad91cfc172f08a6839def503d8fc2923c603#deno",
      "source": "devbox-search",
      "version": "2.3.3",
      "systems": {
        "aarch64-darwin": {
          "outputs": [
            {
              "name": "out",
              "path": "/nix/store/43qwinxz92d0zcl48magmaisfhgzqydi-deno-2.3.3",
              "default": true
            }
          ],
          "store_path": "/nix/store/43qwinxz92d0zcl48magmaisfhgzqydi-deno-2.3.3"
        },
        "aarch64-linux": {
          "outputs": [
            {
              "name": "out",
              "path": "/nix/store/gzlbxwx8s8v8y0mjg22lzb9b2b9yikdh-deno-2.3.3",
              "default": true
            }
          ],
          "store_path": "/nix/store/gzlbxwx8s8v8y0mjg22lzb9b2b9yikdh-deno-2.3.3"
        },
        "x86_64-darwin": {
          "outputs": [
            {
              "name": "out",
              "path": "/nix/store/z5cpr6cfy0gmna87pczbpnxz3ysx0mc8-deno-2.3.3",
              "default": true
            }
          ],
          "store_path": "/nix/store/z5cpr6cfy0gmna87pczbpnxz3ysx0mc8-deno-2.3.3"
        },
        "x86_64-linux": {
          "outputs": [
            {
              "name": "out",
              "path": "/nix/store/fprydi1jdm9mdacy0qj1x91rkhzrni45-deno-2.3.3",
              "default": true
            }
          ],
          "store_path": "/nix/store/fprydi1jdm9mdacy0qj1x91rkhzrni45-deno-2.3.3"
        }
      }
    },
    "github:NixOS/nixpkgs/nixpkgs-unstable": {
      "last_modified": "2025-06-25T15:38:15Z",
      "resolved": "github:NixOS/nixpkgs/61c0f513911459945e2cb8bf333dc849f1b976ff?lastModified=1750865895&narHash=sha256-p2dWAQcLVzquy9LxYCZPwyUdugw78Qv3ChvnX755qHA%3D"
    },
    "quarto@1.7.30": {
      "last_modified": "2025-05-16T20:19:48Z",
      "resolved": "github:NixOS/nixpkgs/12a55407652e04dcf2309436eb06fef0d3713ef3#quarto",
      "source": "devbox-search",
      "version": "1.7.30",
      "systems": {
        "aarch64-darwin": {
          "outputs": [
            {
              "name": "out",
              "path": "/nix/store/69m2xlq94hvx5hxsilplfgl6s8p5w9qi-quarto-1.7.30",
              "default": true
            }
          ],
          "store_path": "/nix/store/69m2xlq94hvx5hxsilplfgl6s8p5w9qi-quarto-1.7.30"
        },
        "aarch64-linux": {
          "outputs": [
            {
              "name": "out",
              "path": "/nix/store/7s8dxy51ig63jh3am6jbgxwm9qkwq97k-quarto-1.7.30",
              "default": true
            }
          ],
          "store_path": "/nix/store/7s8dxy51ig63jh3am6jbgxwm9qkwq97k-quarto-1.7.30"
        },
        "x86_64-darwin": {
          "outputs": [
            {
              "name": "out",
              "path": "/nix/store/y6w9d6cr89xlqzrpmph5z6la9c7m5az9-quarto-1.7.30",
              "default": true
            }
          ],
          "store_path": "/nix/store/y6w9d6cr89xlqzrpmph5z6la9c7m5az9-quarto-1.7.30"
        },
        "x86_64-linux": {
          "outputs": [
            {
              "name": "out",
              "path": "/nix/store/517y85wi6d2hczcn7p9i3nd4s52ac6nw-quarto-1.7.30",
              "default": true
            }
          ],
          "store_path": "/nix/store/517y85wi6d2hczcn7p9i3nd4s52ac6nw-quarto-1.7.30"
        }
      }
    },
    "uv@latest": {
      "last_modified": "2025-06-25T00:36:27Z",
      "resolved": "github:NixOS/nixpkgs/992f916556fcfaa94451ebc7fc6e396134bbf5b1#uv",
      "source": "devbox-search",
      "version": "0.7.14",
      "systems": {
        "aarch64-darwin": {
          "outputs": [
            {
              "name": "out",
              "path": "/nix/store/fx0lpl0b307ylmgqhzqxd3cykyp5i5za-uv-0.7.14",
              "default": true
            }
          ],
          "store_path": "/nix/store/fx0lpl0b307ylmgqhzqxd3cykyp5i5za-uv-0.7.14"
        },
        "aarch64-linux": {
          "outputs": [
            {
              "name": "out",
              "path": "/nix/store/mgryvjw3a026l2cbyq7l31jzw0b2njzz-uv-0.7.14",
              "default": true
            }
          ],
          "store_path": "/nix/store/mgryvjw3a026l2cbyq7l31jzw0b2njzz-uv-0.7.14"
        },
        "x86_64-darwin": {
          "outputs": [
            {
              "name": "out",
              "path": "/nix/store/05d59akaa74zj9jlqsi4aynb8ls22vvp-uv-0.7.14",
              "default": true
            }
          ],
          "store_path": "/nix/store/05d59akaa74zj9jlqsi4aynb8ls22vvp-uv-0.7.14"
        },
        "x86_64-linux": {
          "outputs": [
            {
              "name": "out",
              "path": "/nix/store/khwps69g927zs27pan1bvzk91dssch7q-uv-0.7.14",
              "default": true
            }
          ],
          "store_path": "/nix/store/khwps69g927zs27pan1bvzk91dssch7q-uv-0.7.14"
        }
      }
    }
  }
}
